
Microsoft Visual Studio Solution File, Format Version 12.00
# Visual Studio Version 16
VisualStudioVersion = 16.0.31313.79
MinimumVisualStudioVersion = 10.0.40219.1
Project("{9A19103F-16F7-4668-BE54-9A1E7A4F7556}") = "MapleStoryDB2", "MapleStoryDB2.csproj", "{AC83D4D9-BA73-448F-A45F-02C8A152AD21}"
EndProject
Global
	GlobalSection(SolutionConfigurationPlatforms) = preSolution
		Debug|Any CPU = Debug|Any CPU
		Release|Any CPU = Release|Any CPU
	EndGlobalSection
	GlobalSection(ProjectConfigurationPlatforms) = postSolution
		{AC83D4D9-BA73-448F-A45F-02C8A152AD21}.Debug|Any CPU.ActiveCfg = Debug|Any CPU
		{AC83D4D9-BA73-448F-A45F-02C8A152AD21}.Debug|Any CPU.Build.0 = Debug|Any CPU
		{AC83D4D9-BA73-448F-A45F-02C8A152AD21}.Release|Any CPU.ActiveCfg = Release|Any CPU
		{AC83D4D9-BA73-448F-A45F-02C8A152AD21}.Release|Any CPU.Build.0 = Release|Any CPU
	EndGlobalSection
	GlobalSection(SolutionProperties) = preSolution
		HideSolutionNode = FALSE
	EndGlobalSection
	GlobalSection(ExtensibilityGlobals) = postSolution
		SolutionGuid = {EE0B0405-E352-41A2-89F1-4E2CE1017CF6}
	EndGlobalSection
EndGlobal
